{
  "name": "qsf",
  "version": "1.0.0",
  "lockfileVersion": 1,
  "requires": true,
  "dependencies": {
    "@abaplint/cli": {
      "version": "2.79.8",
      "resolved": "https://registry.npmjs.org/@abaplint/cli/-/cli-2.79.8.tgz",
      "integrity": "sha512-AqZ40JeaeWwQTakxq8FmYHbIXoZFo7PPLL+OMjtMM3//9JnxWWUYQn+CAm496MK7krRtiVaUMG8Brj78Bka+0w=="
    }
  }
}
